
Microsoft Visual Studio Solution File, Format Version 12.00
# Visual Studio Version 17
VisualStudioVersion = 17.3.32611.2
MinimumVisualStudioVersion = 10.0.40219.1
Project("{FAE04EC0-301F-11D3-BF4B-00C04F79EFBC}") = "BoardingPassProject", "BoardingPassProject\BoardingPassProject.csproj", "{F8ADED00-F77D-4821-A1E1-903B23ADEB1B}"
EndProject
Global
	GlobalSection(SolutionConfigurationPlatforms) = preSolution
		Debug|Any CPU = Debug|Any CPU
		Release|Any CPU = Release|Any CPU
	EndGlobalSection
	GlobalSection(ProjectConfigurationPlatforms) = postSolution
		{F8ADED00-F77D-4821-A1E1-903B23ADEB1B}.Debug|Any CPU.ActiveCfg = Debug|Any CPU
		{F8ADED00-F77D-4821-A1E1-903B23ADEB1B}.Debug|Any CPU.Build.0 = Debug|Any CPU
		{F8ADED00-F77D-4821-A1E1-903B23ADEB1B}.Release|Any CPU.ActiveCfg = Release|Any CPU
		{F8ADED00-F77D-4821-A1E1-903B23ADEB1B}.Release|Any CPU.Build.0 = Release|Any CPU
	EndGlobalSection
	GlobalSection(SolutionProperties) = preSolution
		HideSolutionNode = FALSE
	EndGlobalSection
	GlobalSection(ExtensibilityGlobals) = postSolution
		SolutionGuid = {B72F984B-BE4E-43C3-823C-CBE9C005D716}
	EndGlobalSection
EndGlobal
