
Microsoft Visual Studio Solution File, Format Version 12.00
# Visual Studio Version 17
VisualStudioVersion = 17.4.32916.344
MinimumVisualStudioVersion = 10.0.40219.1
Project("{FAE04EC0-301F-11D3-BF4B-00C04F79EFBC}") = "JobOfferLetter", "JobOfferLetter\JobOfferLetter.csproj", "{EC108F97-9223-4BB3-9F13-97E914A8B2BB}"
EndProject
Global
	GlobalSection(SolutionConfigurationPlatforms) = preSolution
		Debug|Any CPU = Debug|Any CPU
		Release|Any CPU = Release|Any CPU
	EndGlobalSection
	GlobalSection(ProjectConfigurationPlatforms) = postSolution
		{EC108F97-9223-4BB3-9F13-97E914A8B2BB}.Debug|Any CPU.ActiveCfg = Debug|Any CPU
		{EC108F97-9223-4BB3-9F13-97E914A8B2BB}.Debug|Any CPU.Build.0 = Debug|Any CPU
		{EC108F97-9223-4BB3-9F13-97E914A8B2BB}.Release|Any CPU.ActiveCfg = Release|Any CPU
		{EC108F97-9223-4BB3-9F13-97E914A8B2BB}.Release|Any CPU.Build.0 = Release|Any CPU
	EndGlobalSection
	GlobalSection(SolutionProperties) = preSolution
		HideSolutionNode = FALSE
	EndGlobalSection
	GlobalSection(ExtensibilityGlobals) = postSolution
		SolutionGuid = {40E46840-F461-4226-885C-8974DF65BAF4}
	EndGlobalSection
EndGlobal
