
Microsoft Visual Studio Solution File, Format Version 12.00
# Visual Studio Version 17
VisualStudioVersion = 17.2.32526.322
MinimumVisualStudioVersion = 10.0.40219.1
Project("{FAE04EC0-301F-11D3-BF4B-00C04F79EFBC}") = "HospitalDocument", "HospitalDocument\HospitalDocument.csproj", "{C48D8C45-4392-4C18-94E3-0E95993B6DB6}"
EndProject
Global
	GlobalSection(SolutionConfigurationPlatforms) = preSolution
		Debug|Any CPU = Debug|Any CPU
		Release|Any CPU = Release|Any CPU
	EndGlobalSection
	GlobalSection(ProjectConfigurationPlatforms) = postSolution
		{C48D8C45-4392-4C18-94E3-0E95993B6DB6}.Debug|Any CPU.ActiveCfg = Debug|Any CPU
		{C48D8C45-4392-4C18-94E3-0E95993B6DB6}.Debug|Any CPU.Build.0 = Debug|Any CPU
		{C48D8C45-4392-4C18-94E3-0E95993B6DB6}.Release|Any CPU.ActiveCfg = Release|Any CPU
		{C48D8C45-4392-4C18-94E3-0E95993B6DB6}.Release|Any CPU.Build.0 = Release|Any CPU
	EndGlobalSection
	GlobalSection(SolutionProperties) = preSolution
		HideSolutionNode = FALSE
	EndGlobalSection
	GlobalSection(ExtensibilityGlobals) = postSolution
		SolutionGuid = {ED26398B-E0E0-4517-AAEC-0D05AFC5BB47}
	EndGlobalSection
EndGlobal
